
Microsoft Visual Studio Solution File, Format Version 12.00
# Visual Studio Version 17
VisualStudioVersion = 17.8.34525.116
MinimumVisualStudioVersion = 10.0.40219.1
Project("{FAE04EC0-301F-11D3-BF4B-00C04F79EFBC}") = "Deliverable 1 Restock", "Deliverable 1 Restock.csproj", "{4FCE8026-2693-42B8-A997-7777FD167915}"
EndProject
Global
	GlobalSection(SolutionConfigurationPlatforms) = preSolution
		Debug|Any CPU = Debug|Any CPU
		Release|Any CPU = Release|Any CPU
	EndGlobalSection
	GlobalSection(ProjectConfigurationPlatforms) = postSolution
		{4FCE8026-2693-42B8-A997-7777FD167915}.Debug|Any CPU.ActiveCfg = Debug|Any CPU
		{4FCE8026-2693-42B8-A997-7777FD167915}.Debug|Any CPU.Build.0 = Debug|Any CPU
		{4FCE8026-2693-42B8-A997-7777FD167915}.Release|Any CPU.ActiveCfg = Release|Any CPU
		{4FCE8026-2693-42B8-A997-7777FD167915}.Release|Any CPU.Build.0 = Release|Any CPU
	EndGlobalSection
	GlobalSection(SolutionProperties) = preSolution
		HideSolutionNode = FALSE
	EndGlobalSection
	GlobalSection(ExtensibilityGlobals) = postSolution
		SolutionGuid = {8BECAC8E-A260-44DF-82CD-E274165328F9}
	EndGlobalSection
EndGlobal
